// !$*UTF8*$!
{
	archiveVersion = 1;
	classes = {
	};
	objectVersion = 46;
	objects = {

/* Begin PBXBuildFile section */
		35BC28F5E80C808CDFAA96C4 /* libPods.a in Frameworks */ = {isa = PBXBuildFile; fileRef = 3A8134D374720866DF0CEE99 /* libPods.a */; };
		D04772451B82F68300D6F491 /* main.m in Sources */ = {isa = PBXBuildFile; fileRef = D04772441B82F68300D6F491 /* main.m */; };
		D04772481B82F68300D6F491 /* AppDelegate.m in Sources */ = {isa = PBXBuildFile; fileRef = D04772471B82F68300D6F491 /* AppDelegate.m */; };
		D047724B1B82F68300D6F491 /* RootViewController.m in Sources */ = {isa = PBXBuildFile; fileRef = D047724A1B82F68300D6F491 /* RootViewController.m */; };
		D047724E1B82F68300D6F491 /* Main.storyboard in Resources */ = {isa = PBXBuildFile; fileRef = D047724C1B82F68300D6F491 /* Main.storyboard */; };
		D04772501B82F68300D6F491 /* Images.xcassets in Resources */ = {isa = PBXBuildFile; fileRef = D047724F1B82F68300D6F491 /* Images.xcassets */; };
		D04772531B82F68300D6F491 /* LaunchScreen.xib in Resources */ = {isa = PBXBuildFile; fileRef = D04772511B82F68300D6F491 /* LaunchScreen.xib */; };
		D047725F1B82F68300D6F491 /* ScheduleDemoTests.m in Sources */ = {isa = PBXBuildFile; fileRef = D047725E1B82F68300D6F491 /* ScheduleDemoTests.m */; };
		D04772721B85BBB200D6F491 /* DBManager.m in Sources */ = {isa = PBXBuildFile; fileRef = D04772711B85BBB200D6F491 /* DBManager.m */; };
		D04772791B85C75100D6F491 /* libsqlite3.dylib in Frameworks */ = {isa = PBXBuildFile; fileRef = D04772751B85C6E600D6F491 /* libsqlite3.dylib */; };
		D047727D1B85C91000D6F491 /* TaskModel.m in Sources */ = {isa = PBXBuildFile; fileRef = D047727C1B85C91000D6F491 /* TaskModel.m */; };
/* End PBXBuildFile section */

/* Begin PBXContainerItemProxy section */
		D04772591B82F68300D6F491 /* PBXContainerItemProxy */ = {
			isa = PBXContainerItemProxy;
			containerPortal = D04772371B82F68300D6F491 /* Project object */;
			proxyType = 1;
			remoteGlobalIDString = D047723E1B82F68300D6F491;
			remoteInfo = ScheduleDemo;
		};
/* End PBXContainerItemProxy section */

/* Begin PBXFileReference section */
		3A8134D374720866DF0CEE99 /* libPods.a */ = {isa = PBXFileReference; explicitFileType = archive.ar; includeInIndex = 0; path = libPods.a; sourceTree = BUILT_PRODUCTS_DIR; };
		50D011D7A0EF8232408FEFF4 /* Pods.debug.xcconfig */ = {isa = PBXFileReference; includeInIndex = 1; lastKnownFileType = text.xcconfig; name = Pods.debug.xcconfig; path = "Pods/Target Support Files/Pods/Pods.debug.xcconfig"; sourceTree = "<group>"; };
		D047723F1B82F68300D6F491 /* ScheduleDemo.app */ = {isa = PBXFileReference; explicitFileType = wrapper.application; includeInIndex = 0; path = ScheduleDemo.app; sourceTree = BUILT_PRODUCTS_DIR; };
		D04772431B82F68300D6F491 /* Info.plist */ = {isa = PBXFileReference; lastKnownFileType = text.plist.xml; path = Info.plist; sourceTree = "<group>"; };
		D04772441B82F68300D6F491 /* main.m */ = {isa = PBXFileReference; lastKnownFileType = sourcecode.c.objc; path = main.m; sourceTree = "<group>"; };
		D04772461B82F68300D6F491 /* AppDelegate.h */ = {isa = PBXFileReference; lastKnownFileType = sourcecode.c.h; path = AppDelegate.h; sourceTree = "<group>"; };
		D04772471B82F68300D6F491 /* AppDelegate.m */ = {isa = PBXFileReference; lastKnownFileType = sourcecode.c.objc; path = AppDelegate.m; sourceTree = "<group>"; };
		D04772491B82F68300D6F491 /* RootViewController.h */ = {isa = PBXFileReference; lastKnownFileType = sourcecode.c.h; path = RootViewController.h; sourceTree = "<group>"; };
		D047724A1B82F68300D6F491 /* RootViewController.m */ = {isa = PBXFileReference; lastKnownFileType = sourcecode.c.objc; path = RootViewController.m; sourceTree = "<group>"; };
		D047724D1B82F68300D6F491 /* Base */ = {isa = PBXFileReference; lastKnownFileType = file.storyboard; name = Base; path = Base.lproj/Main.storyboard; sourceTree = "<group>"; };
		D047724F1B82F68300D6F491 /* Images.xcassets */ = {isa = PBXFileReference; lastKnownFileType = folder.assetcatalog; path = Images.xcassets; sourceTree = "<group>"; };
		D04772521B82F68300D6F491 /* Base */ = {isa = PBXFileReference; lastKnownFileType = file.xib; name = Base; path = Base.lproj/LaunchScreen.xib; sourceTree = "<group>"; };
		D04772581B82F68300D6F491 /* ScheduleDemoTests.xctest */ = {isa = PBXFileReference; explicitFileType = wrapper.cfbundle; includeInIndex = 0; path = ScheduleDemoTests.xctest; sourceTree = BUILT_PRODUCTS_DIR; };
		D047725D1B82F68300D6F491 /* Info.plist */ = {isa = PBXFileReference; lastKnownFileType = text.plist.xml; path = Info.plist; sourceTree = "<group>"; };
		D047725E1B82F68300D6F491 /* ScheduleDemoTests.m */ = {isa = PBXFileReference; lastKnownFileType = sourcecode.c.objc; path = ScheduleDemoTests.m; sourceTree = "<group>"; };
		D04772701B85BBB200D6F491 /* DBManager.h */ = {isa = PBXFileReference; fileEncoding = 4; lastKnownFileType = sourcecode.c.h; path = DBManager.h; sourceTree = "<group>"; };
		D04772711B85BBB200D6F491 /* DBManager.m */ = {isa = PBXFileReference; fileEncoding = 4; lastKnownFileType = sourcecode.c.objc; path = DBManager.m; sourceTree = "<group>"; };
		D04772751B85C6E600D6F491 /* libsqlite3.dylib */ = {isa = PBXFileReference; lastKnownFileType = "compiled.mach-o.dylib"; name = libsqlite3.dylib; path = usr/lib/libsqlite3.dylib; sourceTree = SDKROOT; };
		D047727B1B85C91000D6F491 /* TaskModel.h */ = {isa = PBXFileReference; fileEncoding = 4; lastKnownFileType = sourcecode.c.h; path = TaskModel.h; sourceTree = "<group>"; };
		D047727C1B85C91000D6F491 /* TaskModel.m */ = {isa = PBXFileReference; fileEncoding = 4; lastKnownFileType = sourcecode.c.objc; path = TaskModel.m; sourceTree = "<group>"; };
		EF0E5C56BA74E3679AA20623 /* Pods.release.xcconfig */ = {isa = PBXFileReference; includeInIndex = 1; lastKnownFileType = text.xcconfig; name = Pods.release.xcconfig; path = "Pods/Target Support Files/Pods/Pods.release.xcconfig"; sourceTree = "<group>"; };
/* End PBXFileReference section */

/* Begin PBXFrameworksBuildPhase section */
		D047723C1B82F68300D6F491 /* Frameworks */ = {
			isa = PBXFrameworksBuildPhase;
			buildActionMask = 2147483647;
			files = (
				D04772791B85C75100D6F491 /* libsqlite3.dylib in Frameworks */,
				35BC28F5E80C808CDFAA96C4 /* libPods.a in Frameworks */,
			);
			runOnlyForDeploymentPostprocessing = 0;
		};
		D04772551B82F68300D6F491 /* Frameworks */ = {
			isa = PBXFrameworksBuildPhase;
			buildActionMask = 2147483647;
			files = (
			);
			runOnlyForDeploymentPostprocessing = 0;
		};
/* End PBXFrameworksBuildPhase section */

/* Begin PBXGroup section */
		3060A95E8DCED568B1B4FE5F /* Pods */ = {
			isa = PBXGroup;
			children = (
				50D011D7A0EF8232408FEFF4 /* Pods.debug.xcconfig */,
				EF0E5C56BA74E3679AA20623 /* Pods.release.xcconfig */,
			);
			name = Pods;
			sourceTree = "<group>";
		};
		7E1778FAF70341F6DA4E1DEB /* Frameworks */ = {
			isa = PBXGroup;
			children = (
				D04772751B85C6E600D6F491 /* libsqlite3.dylib */,
				3A8134D374720866DF0CEE99 /* libPods.a */,
			);
			name = Frameworks;
			sourceTree = "<group>";
		};
		D04772361B82F68300D6F491 = {
			isa = PBXGroup;
			children = (
				D04772411B82F68300D6F491 /* ScheduleDemo */,
				D047725B1B82F68300D6F491 /* ScheduleDemoTests */,
				D04772401B82F68300D6F491 /* Products */,
				3060A95E8DCED568B1B4FE5F /* Pods */,
				7E1778FAF70341F6DA4E1DEB /* Frameworks */,
			);
			sourceTree = "<group>";
		};
		D04772401B82F68300D6F491 /* Products */ = {
			isa = PBXGroup;
			children = (
				D047723F1B82F68300D6F491 /* ScheduleDemo.app */,
				D04772581B82F68300D6F491 /* ScheduleDemoTests.xctest */,
			);
			name = Products;
			sourceTree = "<group>";
		};
		D04772411B82F68300D6F491 /* ScheduleDemo */ = {
			isa = PBXGroup;
			children = (
				D047727A1B85C8F500D6F491 /* Model */,
				D047726F1B85BB8700D6F491 /* DB */,
				D04772461B82F68300D6F491 /* AppDelegate.h */,
				D04772471B82F68300D6F491 /* AppDelegate.m */,
				D04772491B82F68300D6F491 /* RootViewController.h */,
				D047724A1B82F68300D6F491 /* RootViewController.m */,
				D047724C1B82F68300D6F491 /* Main.storyboard */,
				D047724F1B82F68300D6F491 /* Images.xcassets */,
				D04772511B82F68300D6F491 /* LaunchScreen.xib */,
				D04772421B82F68300D6F491 /* Supporting Files */,
			);
			path = ScheduleDemo;
			sourceTree = "<group>";
		};
		D04772421B82F68300D6F491 /* Supporting Files */ = {
			isa = PBXGroup;
			children = (
				D04772431B82F68300D6F491 /* Info.plist */,
				D04772441B82F68300D6F491 /* main.m */,
			);
			name = "Supporting Files";
			sourceTree = "<group>";
		};
		D047725B1B82F68300D6F491 /* ScheduleDemoTests */ = {
			isa = PBXGroup;
			children = (
				D047725E1B82F68300D6F491 /* ScheduleDemoTests.m */,
				D047725C1B82F68300D6F491 /* Supporting Files */,
			);
			path = ScheduleDemoTests;
			sourceTree = "<group>";
		};
		D047725C1B82F68300D6F491 /* Supporting Files */ = {
			isa = PBXGroup;
			children = (
				D047725D1B82F68300D6F491 /* Info.plist */,
			);
			name = "Supporting Files";
			sourceTree = "<group>";
		};
		D047726F1B85BB8700D6F491 /* DB */ = {
			isa = PBXGroup;
			children = (
				D04772701B85BBB200D6F491 /* DBManager.h */,
				D04772711B85BBB200D6F491 /* DBManager.m */,
			);
			name = DB;
			sourceTree = "<group>";
		};
		D047727A1B85C8F500D6F491 /* Model */ = {
			isa = PBXGroup;
			children = (
				D047727B1B85C91000D6F491 /* TaskModel.h */,
				D047727C1B85C91000D6F491 /* TaskModel.m */,
			);
			name = Model;
			sourceTree = "<group>";
		};
/* End PBXGroup section */

/* Begin PBXNativeTarget section */
		D047723E1B82F68300D6F491 /* ScheduleDemo */ = {
			isa = PBXNativeTarget;
			buildConfigurationList = D04772621B82F68300D6F491 /* Build configuration list for PBXNativeTarget "ScheduleDemo" */;
			buildPhases = (
				A1EAD08106CDCCAC8C7BF368 /* Check Pods Manifest.lock */,
				D047723B1B82F68300D6F491 /* Sources */,
				D047723C1B82F68300D6F491 /* Frameworks */,
				D047723D1B82F68300D6F491 /* Resources */,
				D6959E37F4109D89AE06B3FB /* Copy Pods Resources */,
			);
			buildRules = (
			);
			dependencies = (
			);
			name = ScheduleDemo;
			productName = ScheduleDemo;
			productReference = D047723F1B82F68300D6F491 /* ScheduleDemo.app */;
			productType = "com.apple.product-type.application";
		};
		D04772571B82F68300D6F491 /* ScheduleDemoTests */ = {
			isa = PBXNativeTarget;
			buildConfigurationList = D04772651B82F68300D6F491 /* Build configuration list for PBXNativeTarget "ScheduleDemoTests" */;
			buildPhases = (
				D04772541B82F68300D6F491 /* Sources */,
				D04772551B82F68300D6F491 /* Frameworks */,
				D04772561B82F68300D6F491 /* Resources */,
			);
			buildRules = (
			);
			dependencies = (
				D047725A1B82F68300D6F491 /* PBXTargetDependency */,
			);
			name = ScheduleDemoTests;
			productName = ScheduleDemoTests;
			productReference = D04772581B82F68300D6F491 /* ScheduleDemoTests.xctest */;
			productType = "com.apple.product-type.bundle.unit-test";
		};
/* End PBXNativeTarget section */

/* Begin PBXProject section */
		D04772371B82F68300D6F491 /* Project object */ = {
			isa = PBXProject;
			attributes = {
				LastUpgradeCheck = 0640;
				ORGANIZATIONNAME = Xiaoxin;
				TargetAttributes = {
					D047723E1B82F68300D6F491 = {
						CreatedOnToolsVersion = 6.4;
					};
					D04772571B82F68300D6F491 = {
						CreatedOnToolsVersion = 6.4;
						TestTargetID = D047723E1B82F68300D6F491;
					};
				};
			};
			buildConfigurationList = D047723A1B82F68300D6F491 /* Build configuration list for PBXProject "ScheduleDemo" */;
			compatibilityVersion = "Xcode 3.2";
			developmentRegion = English;
			hasScannedForEncodings = 0;
			knownRegions = (
				en,
				Base,
			);
			mainGroup = D04772361B82F68300D6F491;
			productRefGroup = D04772401B82F68300D6F491 /* Products */;
			projectDirPath = "";
			projectRoot = "";
			targets = (
				D047723E1B82F68300D6F491 /* ScheduleDemo */,
				D04772571B82F68300D6F491 /* ScheduleDemoTests */,
			);
		};
/* End PBXProject section */

/* Begin PBXResourcesBuildPhase section */
		D047723D1B82F68300D6F491 /* Resources */ = {
			isa = PBXResourcesBuildPhase;
			buildActionMask = 2147483647;
			files = (
				D047724E1B82F68300D6F491 /* Main.storyboard in Resources */,
				D04772531B82F68300D6F491 /* LaunchScreen.xib in Resources */,
				D04772501B82F68300D6F491 /* Images.xcassets in Resources */,
			);
			runOnlyForDeploymentPostprocessing = 0;
		};
		D04772561B82F68300D6F491 /* Resources */ = {
			isa = PBXResourcesBuildPhase;
			buildActionMask = 2147483647;
			files = (
			);
			runOnlyForDeploymentPostprocessing = 0;
		};
/* End PBXResourcesBuildPhase section */

/* Begin PBXShellScriptBuildPhase section */
		A1EAD08106CDCCAC8C7BF368 /* Check Pods Manifest.lock */ = {
			isa = PBXShellScriptBuildPhase;
			buildActionMask = 2147483647;
			files = (
			);
			inputPaths = (
			);
			name = "Check Pods Manifest.lock";
			outputPaths = (
			);
			runOnlyForDeploymentPostprocessing = 0;
			shellPath = /bin/sh;
			shellScript = "diff \"${PODS_ROOT}/../Podfile.lock\" \"${PODS_ROOT}/Manifest.lock\" > /dev/null\nif [[ $? != 0 ]] ; then\n    cat << EOM\nerror: The sandbox is not in sync with the Podfile.lock. Run 'pod install' or update your CocoaPods installation.\nEOM\n    exit 1\nfi\n";
			showEnvVarsInLog = 0;
		};
		D6959E37F4109D89AE06B3FB /* Copy Pods Resources */ = {
			isa = PBXShellScriptBuildPhase;
			buildActionMask = 2147483647;
			files = (
			);
			inputPaths = (
			);
			name = "Copy Pods Resources";
			outputPaths = (
			);
			runOnlyForDeploymentPostprocessing = 0;
			shellPath = /bin/sh;
			shellScript = "\"${SRCROOT}/Pods/Target Support Files/Pods/Pods-resources.sh\"\n";
			showEnvVarsInLog = 0;
		};
/* End PBXShellScriptBuildPhase section */

/* Begin PBXSourcesBuildPhase section */
		D047723B1B82F68300D6F491 /* Sources */ = {
			isa = PBXSourcesBuildPhase;
			buildActionMask = 2147483647;
			files = (
				D047724B1B82F68300D6F491 /* RootViewController.m in Sources */,
				D04772481B82F68300D6F491 /* AppDelegate.m in Sources */,
				D047727D1B85C91000D6F491 /* TaskModel.m in Sources */,
				D04772451B82F68300D6F491 /* main.m in Sources */,
				D04772721B85BBB200D6F491 /* DBManager.m in Sources */,
			);
			runOnlyForDeploymentPostprocessing = 0;
		};
		D04772541B82F68300D6F491 /* Sources */ = {
			isa = PBXSourcesBuildPhase;
			buildActionMask = 2147483647;
			files = (
				D047725F1B82F68300D6F491 /* ScheduleDemoTests.m in Sources */,
			);
			runOnlyForDeploymentPostprocessing = 0;
		};
/* End PBXSourcesBuildPhase section */

/* Begin PBXTargetDependency section */
		D047725A1B82F68300D6F491 /* PBXTargetDependency */ = {
			isa = PBXTargetDependency;
			target = D047723E1B82F68300D6F491 /* ScheduleDemo */;
			targetProxy = D04772591B82F68300D6F491 /* PBXContainerItemProxy */;
		};
/* End PBXTargetDependency section */

/* Begin PBXVariantGroup section */
		D047724C1B82F68300D6F491 /* Main.storyboard */ = {
			isa = PBXVariantGroup;
			children = (
				D047724D1B82F68300D6F491 /* Base */,
			);
			name = Main.storyboard;
			sourceTree = "<group>";
		};
		D04772511B82F68300D6F491 /* LaunchScreen.xib */ = {
			isa = PBXVariantGroup;
			children = (
				D04772521B82F68300D6F491 /* Base */,
			);
			name = LaunchScreen.xib;
			sourceTree = "<group>";
		};
/* End PBXVariantGroup section */

/* Begin XCBuildConfiguration section */
		D04772601B82F68300D6F491 /* Debug */ = {
			isa = XCBuildConfiguration;
			buildSettings = {
				ALWAYS_SEARCH_USER_PATHS = NO;
				CLANG_CXX_LANGUAGE_STANDARD = "gnu++0x";
				CLANG_CXX_LIBRARY = "libc++";
				CLANG_ENABLE_MODULES = YES;
				CLANG_ENABLE_OBJC_ARC = YES;
				CLANG_WARN_BOOL_CONVERSION = YES;
				CLANG_WARN_CONSTANT_CONVERSION = YES;
				CLANG_WARN_DIRECT_OBJC_ISA_USAGE = YES_ERROR;
				CLANG_WARN_EMPTY_BODY = YES;
				CLANG_WARN_ENUM_CONVERSION = YES;
				CLANG_WARN_INT_CONVERSION = YES;
				CLANG_WARN_OBJC_ROOT_CLASS = YES_ERROR;
				CLANG_WARN_UNREACHABLE_CODE = YES;
				CLANG_WARN__DUPLICATE_METHOD_MATCH = YES;
				"CODE_SIGN_IDENTITY[sdk=iphoneos*]" = "iPhone Developer";
				COPY_PHASE_STRIP = NO;
				DEBUG_INFORMATION_FORMAT = "dwarf-with-dsym";
				ENABLE_STRICT_OBJC_MSGSEND = YES;
				GCC_C_LANGUAGE_STANDARD = gnu99;
				GCC_DYNAMIC_NO_PIC = NO;
				GCC_NO_COMMON_BLOCKS = YES;
				GCC_OPTIMIZATION_LEVEL = 0;
				GCC_PREPROCESSOR_DEFINITIONS = (
					"DEBUG=1",
					"$(inherited)",
				);
				GCC_SYMBOLS_PRIVATE_EXTERN = NO;
				GCC_WARN_64_TO_32_BIT_CONVERSION = YES;
				GCC_WARN_ABOUT_RETURN_TYPE = YES_ERROR;
				GCC_WARN_UNDECLARED_SELECTOR = YES;
				GCC_WARN_UNINITIALIZED_AUTOS = YES_AGGRESSIVE;
				GCC_WARN_UNUSED_FUNCTION = YES;
				GCC_WARN_UNUSED_VARIABLE = YES;
				IPHONEOS_DEPLOYMENT_TARGET = 8.4;
				MTL_ENABLE_DEBUG_INFO = YES;
				ONLY_ACTIVE_ARCH = YES;
				SDKROOT = iphoneos;
				TARGETED_DEVICE_FAMILY = "1,2";
			};
			name = Debug;
		};
		D04772611B82F68300D6F491 /* Release */ = {
			isa = XCBuildConfiguration;
			buildSettings = {
				ALWAYS_SEARCH_USER_PATHS = NO;
				CLANG_CXX_LANGUAGE_STANDARD = "gnu++0x";
				CLANG_CXX_LIBRARY = "libc++";
				CLANG_ENABLE_MODULES = YES;
				CLANG_ENABLE_OBJC_ARC = YES;
				CLANG_WARN_BOOL_CONVERSION = YES;
				CLANG_WARN_CONSTANT_CONVERSION = YES;
				CLANG_WARN_DIRECT_OBJC_ISA_USAGE = YES_ERROR;
				CLANG_WARN_EMPTY_BODY = YES;
				CLANG_WARN_ENUM_CONVERSION = YES;
				CLANG_WARN_INT_CONVERSION = YES;
				CLANG_WARN_OBJC_ROOT_CLASS = YES_ERROR;
				CLANG_WARN_UNREACHABLE_CODE = YES;
				CLANG_WARN__DUPLICATE_METHOD_MATCH = YES;
				"CODE_SIGN_IDENTITY[sdk=iphoneos*]" = "iPhone Developer";
				COPY_PHASE_STRIP = NO;
				DEBUG_INFORMATION_FORMAT = "dwarf-with-dsym";
				ENABLE_NS_ASSERTIONS = NO;
				ENABLE_STRICT_OBJC_MSGSEND = YES;
				GCC_C_LANGUAGE_STANDARD = gnu99;
				GCC_NO_COMMON_BLOCKS = YES;
				GCC_WARN_64_TO_32_BIT_CONVERSION = YES;
				GCC_WARN_ABOUT_RETURN_TYPE = YES_ERROR;
				GCC_WARN_UNDECLARED_SELECTOR = YES;
				GCC_WARN_UNINITIALIZED_AUTOS = YES_AGGRESSIVE;
				GCC_WARN_UNUSED_FUNCTION = YES;
				GCC_WARN_UNUSED_VARIABLE = YES;
				IPHONEOS_DEPLOYMENT_TARGET = 8.4;
				MTL_ENABLE_DEBUG_INFO = NO;
				SDKROOT = iphoneos;
				TARGETED_DEVICE_FAMILY = "1,2";
				VALIDATE_PRODUCT = YES;
			};
			name = Release;
		};
		D04772631B82F68300D6F491 /* Debug */ = {
			isa = XCBuildConfiguration;
			baseConfigurationReference = 50D011D7A0EF8232408FEFF4 /* Pods.debug.xcconfig */;
			buildSettings = {
				ASSETCATALOG_COMPILER_APPICON_NAME = AppIcon;
				INFOPLIST_FILE = ScheduleDemo/Info.plist;
				LD_RUNPATH_SEARCH_PATHS = "$(inherited) @executable_path/Frameworks";
				LIBRARY_SEARCH_PATHS = (
					"$(inherited)",
					"$(PROJECT_DIR)/ScheduleDemo",
					"$(PROJECT_DIR)/build/Debug-iphoneos",
				);
				PRODUCT_NAME = "$(TARGET_NAME)";
			};
			name = Debug;
		};
		D04772641B82F68300D6F491 /* Release */ = {
			isa = XCBuildConfiguration;
			baseConfigurationReference = EF0E5C56BA74E3679AA20623 /* Pods.release.xcconfig */;
			buildSettings = {
				ASSETCATALOG_COMPILER_APPICON_NAME = AppIcon;
				INFOPLIST_FILE = ScheduleDemo/Info.plist;
				LD_RUNPATH_SEARCH_PATHS = "$(inherited) @executable_path/Frameworks";
				LIBRARY_SEARCH_PATHS = (
					"$(inherited)",
					"$(PROJECT_DIR)/ScheduleDemo",
					"$(PROJECT_DIR)/build/Debug-iphoneos",
				);
				PRODUCT_NAME = "$(TARGET_NAME)";
			};
			name = Release;
		};
		D04772661B82F68300D6F491 /* Debug */ = {
			isa = XCBuildConfiguration;
			buildSettings = {
				BUNDLE_LOADER = "$(TEST_HOST)";
				FRAMEWORK_SEARCH_PATHS = (
					"$(SDKROOT)/Developer/Library/Frameworks",
					"$(inherited)",
				);
				GCC_PREPROCESSOR_DEFINITIONS = (
					"DEBUG=1",
					"$(inherited)",
				);
				INFOPLIST_FILE = ScheduleDemoTests/Info.plist;
				LD_RUNPATH_SEARCH_PATHS = "$(inherited) @executable_path/Frameworks @loader_path/Frameworks";
				PRODUCT_NAME = "$(TARGET_NAME)";
				TEST_HOST = "$(BUILT_PRODUCTS_DIR)/ScheduleDemo.app/ScheduleDemo";
			};
			name = Debug;
		};
		D04772671B82F68300D6F491 /* Release */ = {
			isa = XCBuildConfiguration;
			buildSettings = {
				BUNDLE_LOADER = "$(TEST_HOST)";
				FRAMEWORK_SEARCH_PATHS = (
					"$(SDKROOT)/Developer/Library/Frameworks",
					"$(inherited)",
				);
				INFOPLIST_FILE = ScheduleDemoTests/Info.plist;
				LD_RUNPATH_SEARCH_PATHS = "$(inherited) @executable_path/Frameworks @loader_path/Frameworks";
				PRODUCT_NAME = "$(TARGET_NAME)";
				TEST_HOST = "$(BUILT_PRODUCTS_DIR)/ScheduleDemo.app/ScheduleDemo";
			};
			name = Release;
		};
/* End XCBuildConfiguration section */

/* Begin XCConfigurationList section */
		D047723A1B82F68300D6F491 /* Build configuration list for PBXProject "ScheduleDemo" */ = {
			isa = XCConfigurationList;
			buildConfigurations = (
				D04772601B82F68300D6F491 /* Debug */,
				D04772611B82F68300D6F491 /* Release */,
			);
			defaultConfigurationIsVisible = 0;
			defaultConfigurationName = Release;
		};
		D04772621B82F68300D6F491 /* Build configuration list for PBXNativeTarget "ScheduleDemo" */ = {
			isa = XCConfigurationList;
			buildConfigurations = (
				D04772631B82F68300D6F491 /* Debug */,
				D04772641B82F68300D6F491 /* Release */,
			);
			defaultConfigurationIsVisible = 0;
			defaultConfigurationName = Release;
		};
		D04772651B82F68300D6F491 /* Build configuration list for PBXNativeTarget "ScheduleDemoTests" */ = {
			isa = XCConfigurationList;
			buildConfigurations = (
				D04772661B82F68300D6F491 /* Debug */,
				D04772671B82F68300D6F491 /* Release */,
			);
			defaultConfigurationIsVisible = 0;
			defaultConfigurationName = Release;
		};
/* End XCConfigurationList section */
	};
	rootObject = D04772371B82F68300D6F491 /* Project object */;
}
